
Microsoft Visual Studio Solution File, Format Version 12.00
# Visual Studio Version 16
VisualStudioVersion = 16.0.29709.97
MinimumVisualStudioVersion = 10.0.40219.1
Project("{FAE04EC0-301F-11D3-BF4B-00C04F79EFBC}") = "ApiDemo", "ApiDemo\ApiDemo.csproj", "{A6422B6C-EA44-4903-9C5C-9F6DFE50E8EA}"
EndProject
Project("{FAE04EC0-301F-11D3-BF4B-00C04F79EFBC}") = "MvcApiDemo", "MvcApiDemo\MvcApiDemo.csproj", "{99521768-4CC3-455B-B6D3-02E92E741D7F}"
EndProject
Global
	GlobalSection(SolutionConfigurationPlatforms) = preSolution
		Debug|Any CPU = Debug|Any CPU
		Release|Any CPU = Release|Any CPU
	EndGlobalSection
	GlobalSection(ProjectConfigurationPlatforms) = postSolution
		{A6422B6C-EA44-4903-9C5C-9F6DFE50E8EA}.Debug|Any CPU.ActiveCfg = Debug|Any CPU
		{A6422B6C-EA44-4903-9C5C-9F6DFE50E8EA}.Debug|Any CPU.Build.0 = Debug|Any CPU
		{A6422B6C-EA44-4903-9C5C-9F6DFE50E8EA}.Release|Any CPU.ActiveCfg = Release|Any CPU
		{A6422B6C-EA44-4903-9C5C-9F6DFE50E8EA}.Release|Any CPU.Build.0 = Release|Any CPU
		{99521768-4CC3-455B-B6D3-02E92E741D7F}.Debug|Any CPU.ActiveCfg = Debug|Any CPU
		{99521768-4CC3-455B-B6D3-02E92E741D7F}.Debug|Any CPU.Build.0 = Debug|Any CPU
		{99521768-4CC3-455B-B6D3-02E92E741D7F}.Release|Any CPU.ActiveCfg = Release|Any CPU
		{99521768-4CC3-455B-B6D3-02E92E741D7F}.Release|Any CPU.Build.0 = Release|Any CPU
	EndGlobalSection
	GlobalSection(SolutionProperties) = preSolution
		HideSolutionNode = FALSE
	EndGlobalSection
	GlobalSection(ExtensibilityGlobals) = postSolution
		SolutionGuid = {5F0D22DD-E7E3-4B0A-99E8-BED3ADE3BD45}
	EndGlobalSection
EndGlobal
